
Microsoft Visual Studio Solution File, Format Version 12.00
# Visual Studio Version 17
VisualStudioVersion = 17.4.33122.133
MinimumVisualStudioVersion = 10.0.40219.1
Project("{FAE04EC0-301F-11D3-BF4B-00C04F79EFBC}") = "Server", "Server\Server.csproj", "{7767C300-5FD5-4A5D-9D4C-59559CCE48A3}"
EndProject
Project("{FAE04EC0-301F-11D3-BF4B-00C04F79EFBC}") = "Client", "Client\Client.csproj", "{C3C49F45-2589-4E04-9C50-71B6035C14AE}"
EndProject
Project("{2150E333-8FDC-42A3-9474-1A3956D46DE8}") = "Plugins", "Plugins", "{0DE8DA5D-061D-4649-8A56-48729CF1F789}"
EndProject
Project("{FAE04EC0-301F-11D3-BF4B-00C04F79EFBC}") = "Extra", "Plugin\Extra\Extra\Extra.csproj", "{424B81BE-2FAC-419F-B4BC-00CCBE38491F}"
EndProject
Project("{FAE04EC0-301F-11D3-BF4B-00C04F79EFBC}") = "FileManager", "Plugin\FileManager\FileManager\FileManager.csproj", "{BEE88186-769A-452C-9DD9-D0E0815D92BF}"
EndProject
Project("{FAE04EC0-301F-11D3-BF4B-00C04F79EFBC}") = "Logger", "Plugin\Logger\Logger\Logger.csproj", "{DAFE686A-461B-402B-BBD7-2A2F4C87C773}"
EndProject
Project("{FAE04EC0-301F-11D3-BF4B-00C04F79EFBC}") = "Miscellaneous", "Plugin\Miscellaneous\Miscellaneous\Miscellaneous.csproj", "{37E20BAF-3577-4CD9-BB39-18675854E255}"
EndProject
Project("{FAE04EC0-301F-11D3-BF4B-00C04F79EFBC}") = "Options", "Plugin\Options\Options\Options.csproj", "{6AA4E392-AAAF-4408-B550-85863DD4BAAF}"
EndProject
Project("{FAE04EC0-301F-11D3-BF4B-00C04F79EFBC}") = "ProcessManager", "Plugin\ProcessManager\ProcessManager\ProcessManager.csproj", "{D640C36B-2C66-449B-A145-EB98322A67C8}"
EndProject
Project("{FAE04EC0-301F-11D3-BF4B-00C04F79EFBC}") = "RemoteCamera", "Plugin\RemoteCamera\RemoteCamera\RemoteCamera.csproj", "{619B7612-DFEA-442A-A927-D997F99C497B}"
EndProject
Project("{FAE04EC0-301F-11D3-BF4B-00C04F79EFBC}") = "RemoteDesktop", "Plugin\RemoteDesktop\RemoteDesktop\RemoteDesktop.csproj", "{9042B543-13D1-42B3-A5B6-5CC9AD55E150}"
EndProject
Project("{FAE04EC0-301F-11D3-BF4B-00C04F79EFBC}") = "SendFile", "Plugin\SendFile\SendFile\SendFile.csproj", "{8DE42DA3-BE99-4E7E-A3D2-3F65E7C1ABCE}"
EndProject
Project("{FAE04EC0-301F-11D3-BF4B-00C04F79EFBC}") = "MessagePackLib", "MessagePack\MessagePackLib.csproj", "{DC199D9E-CF10-41DD-BBCD-98E71BA8679D}"
EndProject
Project("{FAE04EC0-301F-11D3-BF4B-00C04F79EFBC}") = "FileSearcher", "Plugin\FileSearcher\FileSearcher\FileSearcher.csproj", "{9D1D39D8-2387-46ED-A4A8-59D250C97F35}"
EndProject
Project("{FAE04EC0-301F-11D3-BF4B-00C04F79EFBC}") = "SendMemory", "Plugin\SendMemory\SendMemory\SendMemory.csproj", "{0E423DD6-FAAF-4A66-8828-6A5A5F22269B}"
EndProject
Project("{FAE04EC0-301F-11D3-BF4B-00C04F79EFBC}") = "Information", "Plugin\Information\Information\Information.csproj", "{6AA4E392-AAAF-4408-B550-85863DF3BAAF}"
EndProject
Project("{FAE04EC0-301F-11D3-BF4B-00C04F79EFBC}") = "Ransomware", "Plugin\Ransomware\Ransomware\Ransomware.csproj", "{8B73C3EC-D0C4-4E0D-843A-67C81283EC5F}"
EndProject
Project("{FAE04EC0-301F-11D3-BF4B-00C04F79EFBC}") = "Decrypter", "Plugin\Decrypter\Decrypter\Decrypter.csproj", "{79D3788D-683D-4799-94B7-00360F08145B}"
EndProject
Project("{FAE04EC0-301F-11D3-BF4B-00C04F79EFBC}") = "Audio", "Plugin\Audio\Audio\Audio.csproj", "{378FC1AA-37BD-4C61-B5DE-4E45C2CDB8C9}"
EndProject
Project("{FAE04EC0-301F-11D3-BF4B-00C04F79EFBC}") = "Keylogger", "Plugin\Keylogger\Keylogger\Keylogger.csproj", "{5D01A326-0357-4C3F-A196-3B8B866C9613}"
EndProject
Project("{FAE04EC0-301F-11D3-BF4B-00C04F79EFBC}") = "Netstat", "Plugin\Netstat\Netstat\Netstat.csproj", "{EFFE3048-E904-48FD-B8C0-290E8E9290FB}"
EndProject
Project("{FAE04EC0-301F-11D3-BF4B-00C04F79EFBC}") = "Regedit", "Plugin\Regedit\Regedit\Regedit.csproj", "{AB6CDF36-F336-4F14-8D69-3C190B7DEC65}"
EndProject
Project("{FAE04EC0-301F-11D3-BF4B-00C04F79EFBC}") = "Minidump", "Plugin\Minidump\Minidump\Minidump.csproj", "{8F334FFF-C9EF-4965-B391-3398DCBF3F1B}"
EndProject
Project("{FAE04EC0-301F-11D3-BF4B-00C04F79EFBC}") = "UserAdd", "Plugin\UserAdd\UserAdd\UserAdd.csproj", "{789C9CE7-895C-43CB-9769-8DCDAAE14DC0}"
EndProject
Project("{FAE04EC0-301F-11D3-BF4B-00C04F79EFBC}") = "NoPowershell", "Plugin\NoPowershell\NoPowershell\NoPowershell.csproj", "{2DE779EA-BB12-458A-AC4D-3564BE2B3622}"
EndProject
Project("{FAE04EC0-301F-11D3-BF4B-00C04F79EFBC}") = "ShellcodeInject", "Plugin\ShellcodeInject\ShellcodeInject\ShellcodeInject.csproj", "{F154F695-8A73-4C44-A875-D1ED03401B14}"
EndProject
Project("{FAE04EC0-301F-11D3-BF4B-00C04F79EFBC}") = "Mimikatz", "Plugin\Mimikatz\Mimikatz\Mimikatz.csproj", "{C5AA841A-71FE-4C70-A196-4E30D7B12C1C}"
EndProject
Project("{FAE04EC0-301F-11D3-BF4B-00C04F79EFBC}") = "PwdCollection", "Plugin\PwdCollection\PwdCollection\PwdCollection.csproj", "{549F9108-D2E5-4642-9A8F-A996C92F44BA}"
EndProject
Project("{FAE04EC0-301F-11D3-BF4B-00C04F79EFBC}") = "WinLogonHelper", "Plugin\WinLogonHelper\WinLogonHelper\WinLogonHelper.csproj", "{867777C7-3B04-460B-9F1F-90FCF8BF9D8A}"
EndProject
Project("{FAE04EC0-301F-11D3-BF4B-00C04F79EFBC}") = "HijackDefaultExt", "Plugin\HijackDefaultExt\HijackDefaultExt\HijackDefaultExt.csproj", "{E7E21B2C-CB32-4E3E-8CD2-3476F5F34FE2}"
EndProject
Project("{FAE04EC0-301F-11D3-BF4B-00C04F79EFBC}") = "HijackScrnSaver", "Plugin\HijackScrnSaver\HijackScrnSaver\HijackScrnSaver.csproj", "{E437EAE6-F6EB-45C5-A695-62A099638017}"
EndProject
Project("{FAE04EC0-301F-11D3-BF4B-00C04F79EFBC}") = "WmiBackdoor", "Plugin\WmiBackdoor\WmiBackdoor\WmiBackdoor.csproj", "{B696A95A-DFDE-4689-A022-4BD98172F131}"
EndProject
Project("{FAE04EC0-301F-11D3-BF4B-00C04F79EFBC}") = "RdpThief", "Plugin\RdpThief\RdpThief\RdpThief.csproj", "{BB70F284-6214-4E87-8693-BCAFC78377C3}"
EndProject
Project("{FAE04EC0-301F-11D3-BF4B-00C04F79EFBC}") = "WcmDump", "Plugin\WCMdump\WCMdump\WcmDump.csproj", "{F98407D6-11BF-4F92-89B6-D53A26F5DF8A}"
EndProject
Global
	GlobalSection(SolutionConfigurationPlatforms) = preSolution
		Debug|Any CPU = Debug|Any CPU
		Debug|x86 = Debug|x86
		Release|Any CPU = Release|Any CPU
		Release|x86 = Release|x86
	EndGlobalSection
	GlobalSection(ProjectConfigurationPlatforms) = postSolution
		{7767C300-5FD5-4A5D-9D4C-59559CCE48A3}.Debug|Any CPU.ActiveCfg = Debug|Any CPU
		{7767C300-5FD5-4A5D-9D4C-59559CCE48A3}.Debug|Any CPU.Build.0 = Debug|Any CPU
		{7767C300-5FD5-4A5D-9D4C-59559CCE48A3}.Debug|x86.ActiveCfg = Debug|Any CPU
		{7767C300-5FD5-4A5D-9D4C-59559CCE48A3}.Debug|x86.Build.0 = Debug|Any CPU
		{7767C300-5FD5-4A5D-9D4C-59559CCE48A3}.Release|Any CPU.ActiveCfg = Release|Any CPU
		{7767C300-5FD5-4A5D-9D4C-59559CCE48A3}.Release|Any CPU.Build.0 = Release|Any CPU
		{7767C300-5FD5-4A5D-9D4C-59559CCE48A3}.Release|x86.ActiveCfg = Release|Any CPU
		{7767C300-5FD5-4A5D-9D4C-59559CCE48A3}.Release|x86.Build.0 = Release|Any CPU
		{C3C49F45-2589-4E04-9C50-71B6035C14AE}.Debug|Any CPU.ActiveCfg = Debug|Any CPU
		{C3C49F45-2589-4E04-9C50-71B6035C14AE}.Debug|Any CPU.Build.0 = Debug|Any CPU
		{C3C49F45-2589-4E04-9C50-71B6035C14AE}.Debug|x86.ActiveCfg = Debug|x86
		{C3C49F45-2589-4E04-9C50-71B6035C14AE}.Debug|x86.Build.0 = Debug|x86
		{C3C49F45-2589-4E04-9C50-71B6035C14AE}.Release|Any CPU.ActiveCfg = Release|Any CPU
		{C3C49F45-2589-4E04-9C50-71B6035C14AE}.Release|Any CPU.Build.0 = Release|Any CPU
		{C3C49F45-2589-4E04-9C50-71B6035C14AE}.Release|x86.ActiveCfg = Release|x86
		{C3C49F45-2589-4E04-9C50-71B6035C14AE}.Release|x86.Build.0 = Release|x86
		{424B81BE-2FAC-419F-B4BC-00CCBE38491F}.Debug|Any CPU.ActiveCfg = Debug|Any CPU
		{424B81BE-2FAC-419F-B4BC-00CCBE38491F}.Debug|Any CPU.Build.0 = Debug|Any CPU
		{424B81BE-2FAC-419F-B4BC-00CCBE38491F}.Debug|x86.ActiveCfg = Debug|Any CPU
		{424B81BE-2FAC-419F-B4BC-00CCBE38491F}.Debug|x86.Build.0 = Debug|Any CPU
		{424B81BE-2FAC-419F-B4BC-00CCBE38491F}.Release|Any CPU.ActiveCfg = Release|Any CPU
		{424B81BE-2FAC-419F-B4BC-00CCBE38491F}.Release|Any CPU.Build.0 = Release|Any CPU
		{424B81BE-2FAC-419F-B4BC-00CCBE38491F}.Release|x86.ActiveCfg = Release|Any CPU
		{424B81BE-2FAC-419F-B4BC-00CCBE38491F}.Release|x86.Build.0 = Release|Any CPU
		{BEE88186-769A-452C-9DD9-D0E0815D92BF}.Debug|Any CPU.ActiveCfg = Debug|Any CPU
		{BEE88186-769A-452C-9DD9-D0E0815D92BF}.Debug|Any CPU.Build.0 = Debug|Any CPU
		{BEE88186-769A-452C-9DD9-D0E0815D92BF}.Debug|x86.ActiveCfg = Debug|Any CPU
		{BEE88186-769A-452C-9DD9-D0E0815D92BF}.Debug|x86.Build.0 = Debug|Any CPU
		{BEE88186-769A-452C-9DD9-D0E0815D92BF}.Release|Any CPU.ActiveCfg = Release|Any CPU
		{BEE88186-769A-452C-9DD9-D0E0815D92BF}.Release|Any CPU.Build.0 = Release|Any CPU
		{BEE88186-769A-452C-9DD9-D0E0815D92BF}.Release|x86.ActiveCfg = Release|Any CPU
		{BEE88186-769A-452C-9DD9-D0E0815D92BF}.Release|x86.Build.0 = Release|Any CPU
		{DAFE686A-461B-402B-BBD7-2A2F4C87C773}.Debug|Any CPU.ActiveCfg = Debug|Any CPU
		{DAFE686A-461B-402B-BBD7-2A2F4C87C773}.Debug|Any CPU.Build.0 = Debug|Any CPU
		{DAFE686A-461B-402B-BBD7-2A2F4C87C773}.Debug|x86.ActiveCfg = Debug|Any CPU
		{DAFE686A-461B-402B-BBD7-2A2F4C87C773}.Debug|x86.Build.0 = Debug|Any CPU
		{DAFE686A-461B-402B-BBD7-2A2F4C87C773}.Release|Any CPU.ActiveCfg = Release|Any CPU
		{DAFE686A-461B-402B-BBD7-2A2F4C87C773}.Release|Any CPU.Build.0 = Release|Any CPU
		{DAFE686A-461B-402B-BBD7-2A2F4C87C773}.Release|x86.ActiveCfg = Release|Any CPU
		{DAFE686A-461B-402B-BBD7-2A2F4C87C773}.Release|x86.Build.0 = Release|Any CPU
		{37E20BAF-3577-4CD9-BB39-18675854E255}.Debug|Any CPU.ActiveCfg = Debug|Any CPU
		{37E20BAF-3577-4CD9-BB39-18675854E255}.Debug|Any CPU.Build.0 = Debug|Any CPU
		{37E20BAF-3577-4CD9-BB39-18675854E255}.Debug|x86.ActiveCfg = Debug|Any CPU
		{37E20BAF-3577-4CD9-BB39-18675854E255}.Debug|x86.Build.0 = Debug|Any CPU
		{37E20BAF-3577-4CD9-BB39-18675854E255}.Release|Any CPU.ActiveCfg = Release|Any CPU
		{37E20BAF-3577-4CD9-BB39-18675854E255}.Release|Any CPU.Build.0 = Release|Any CPU
		{37E20BAF-3577-4CD9-BB39-18675854E255}.Release|x86.ActiveCfg = Release|Any CPU
		{37E20BAF-3577-4CD9-BB39-18675854E255}.Release|x86.Build.0 = Release|Any CPU
		{6AA4E392-AAAF-4408-B550-85863DD4BAAF}.Debug|Any CPU.ActiveCfg = Debug|Any CPU
		{6AA4E392-AAAF-4408-B550-85863DD4BAAF}.Debug|Any CPU.Build.0 = Debug|Any CPU
		{6AA4E392-AAAF-4408-B550-85863DD4BAAF}.Debug|x86.ActiveCfg = Debug|Any CPU
		{6AA4E392-AAAF-4408-B550-85863DD4BAAF}.Debug|x86.Build.0 = Debug|Any CPU
		{6AA4E392-AAAF-4408-B550-85863DD4BAAF}.Release|Any CPU.ActiveCfg = Release|Any CPU
		{6AA4E392-AAAF-4408-B550-85863DD4BAAF}.Release|Any CPU.Build.0 = Release|Any CPU
		{6AA4E392-AAAF-4408-B550-85863DD4BAAF}.Release|x86.ActiveCfg = Release|Any CPU
		{6AA4E392-AAAF-4408-B550-85863DD4BAAF}.Release|x86.Build.0 = Release|Any CPU
		{D640C36B-2C66-449B-A145-EB98322A67C8}.Debug|Any CPU.ActiveCfg = Debug|Any CPU
		{D640C36B-2C66-449B-A145-EB98322A67C8}.Debug|Any CPU.Build.0 = Debug|Any CPU
		{D640C36B-2C66-449B-A145-EB98322A67C8}.Debug|x86.ActiveCfg = Debug|Any CPU
		{D640C36B-2C66-449B-A145-EB98322A67C8}.Debug|x86.Build.0 = Debug|Any CPU
		{D640C36B-2C66-449B-A145-EB98322A67C8}.Release|Any CPU.ActiveCfg = Release|Any CPU
		{D640C36B-2C66-449B-A145-EB98322A67C8}.Release|Any CPU.Build.0 = Release|Any CPU
		{D640C36B-2C66-449B-A145-EB98322A67C8}.Release|x86.ActiveCfg = Release|Any CPU
		{D640C36B-2C66-449B-A145-EB98322A67C8}.Release|x86.Build.0 = Release|Any CPU
		{619B7612-DFEA-442A-A927-D997F99C497B}.Debug|Any CPU.ActiveCfg = Debug|Any CPU
		{619B7612-DFEA-442A-A927-D997F99C497B}.Debug|Any CPU.Build.0 = Debug|Any CPU
		{619B7612-DFEA-442A-A927-D997F99C497B}.Debug|x86.ActiveCfg = Debug|Any CPU
		{619B7612-DFEA-442A-A927-D997F99C497B}.Debug|x86.Build.0 = Debug|Any CPU
		{619B7612-DFEA-442A-A927-D997F99C497B}.Release|Any CPU.ActiveCfg = Release|Any CPU
		{619B7612-DFEA-442A-A927-D997F99C497B}.Release|Any CPU.Build.0 = Release|Any CPU
		{619B7612-DFEA-442A-A927-D997F99C497B}.Release|x86.ActiveCfg = Release|Any CPU
		{619B7612-DFEA-442A-A927-D997F99C497B}.Release|x86.Build.0 = Release|Any CPU
		{9042B543-13D1-42B3-A5B6-5CC9AD55E150}.Debug|Any CPU.ActiveCfg = Debug|Any CPU
		{9042B543-13D1-42B3-A5B6-5CC9AD55E150}.Debug|Any CPU.Build.0 = Debug|Any CPU
		{9042B543-13D1-42B3-A5B6-5CC9AD55E150}.Debug|x86.ActiveCfg = Debug|Any CPU
		{9042B543-13D1-42B3-A5B6-5CC9AD55E150}.Debug|x86.Build.0 = Debug|Any CPU
		{9042B543-13D1-42B3-A5B6-5CC9AD55E150}.Release|Any CPU.ActiveCfg = Release|Any CPU
		{9042B543-13D1-42B3-A5B6-5CC9AD55E150}.Release|Any CPU.Build.0 = Release|Any CPU
		{9042B543-13D1-42B3-A5B6-5CC9AD55E150}.Release|x86.ActiveCfg = Release|Any CPU
		{9042B543-13D1-42B3-A5B6-5CC9AD55E150}.Release|x86.Build.0 = Release|Any CPU
		{8DE42DA3-BE99-4E7E-A3D2-3F65E7C1ABCE}.Debug|Any CPU.ActiveCfg = Debug|Any CPU
		{8DE42DA3-BE99-4E7E-A3D2-3F65E7C1ABCE}.Debug|Any CPU.Build.0 = Debug|Any CPU
		{8DE42DA3-BE99-4E7E-A3D2-3F65E7C1ABCE}.Debug|x86.ActiveCfg = Debug|Any CPU
		{8DE42DA3-BE99-4E7E-A3D2-3F65E7C1ABCE}.Debug|x86.Build.0 = Debug|Any CPU
		{8DE42DA3-BE99-4E7E-A3D2-3F65E7C1ABCE}.Release|Any CPU.ActiveCfg = Release|Any CPU
		{8DE42DA3-BE99-4E7E-A3D2-3F65E7C1ABCE}.Release|Any CPU.Build.0 = Release|Any CPU
		{8DE42DA3-BE99-4E7E-A3D2-3F65E7C1ABCE}.Release|x86.ActiveCfg = Release|Any CPU
		{8DE42DA3-BE99-4E7E-A3D2-3F65E7C1ABCE}.Release|x86.Build.0 = Release|Any CPU
		{DC199D9E-CF10-41DD-BBCD-98E71BA8679D}.Debug|Any CPU.ActiveCfg = Debug|Any CPU
		{DC199D9E-CF10-41DD-BBCD-98E71BA8679D}.Debug|Any CPU.Build.0 = Debug|Any CPU
		{DC199D9E-CF10-41DD-BBCD-98E71BA8679D}.Debug|x86.ActiveCfg = Debug|Any CPU
		{DC199D9E-CF10-41DD-BBCD-98E71BA8679D}.Debug|x86.Build.0 = Debug|Any CPU
		{DC199D9E-CF10-41DD-BBCD-98E71BA8679D}.Release|Any CPU.ActiveCfg = Release|Any CPU
		{DC199D9E-CF10-41DD-BBCD-98E71BA8679D}.Release|Any CPU.Build.0 = Release|Any CPU
		{DC199D9E-CF10-41DD-BBCD-98E71BA8679D}.Release|x86.ActiveCfg = Release|Any CPU
		{DC199D9E-CF10-41DD-BBCD-98E71BA8679D}.Release|x86.Build.0 = Release|Any CPU
		{9D1D39D8-2387-46ED-A4A8-59D250C97F35}.Debug|Any CPU.ActiveCfg = Debug|Any CPU
		{9D1D39D8-2387-46ED-A4A8-59D250C97F35}.Debug|Any CPU.Build.0 = Debug|Any CPU
		{9D1D39D8-2387-46ED-A4A8-59D250C97F35}.Debug|x86.ActiveCfg = Debug|Any CPU
		{9D1D39D8-2387-46ED-A4A8-59D250C97F35}.Debug|x86.Build.0 = Debug|Any CPU
		{9D1D39D8-2387-46ED-A4A8-59D250C97F35}.Release|Any CPU.ActiveCfg = Release|Any CPU
		{9D1D39D8-2387-46ED-A4A8-59D250C97F35}.Release|Any CPU.Build.0 = Release|Any CPU
		{9D1D39D8-2387-46ED-A4A8-59D250C97F35}.Release|x86.ActiveCfg = Release|Any CPU
		{9D1D39D8-2387-46ED-A4A8-59D250C97F35}.Release|x86.Build.0 = Release|Any CPU
		{0E423DD6-FAAF-4A66-8828-6A5A5F22269B}.Debug|Any CPU.ActiveCfg = Debug|Any CPU
		{0E423DD6-FAAF-4A66-8828-6A5A5F22269B}.Debug|Any CPU.Build.0 = Debug|Any CPU
		{0E423DD6-FAAF-4A66-8828-6A5A5F22269B}.Debug|x86.ActiveCfg = Debug|Any CPU
		{0E423DD6-FAAF-4A66-8828-6A5A5F22269B}.Debug|x86.Build.0 = Debug|Any CPU
		{0E423DD6-FAAF-4A66-8828-6A5A5F22269B}.Release|Any CPU.ActiveCfg = Release|Any CPU
		{0E423DD6-FAAF-4A66-8828-6A5A5F22269B}.Release|Any CPU.Build.0 = Release|Any CPU
		{0E423DD6-FAAF-4A66-8828-6A5A5F22269B}.Release|x86.ActiveCfg = Release|Any CPU
		{0E423DD6-FAAF-4A66-8828-6A5A5F22269B}.Release|x86.Build.0 = Release|Any CPU
		{6AA4E392-AAAF-4408-B550-85863DF3BAAF}.Debug|Any CPU.ActiveCfg = Debug|Any CPU
		{6AA4E392-AAAF-4408-B550-85863DF3BAAF}.Debug|Any CPU.Build.0 = Debug|Any CPU
		{6AA4E392-AAAF-4408-B550-85863DF3BAAF}.Debug|x86.ActiveCfg = Debug|Any CPU
		{6AA4E392-AAAF-4408-B550-85863DF3BAAF}.Debug|x86.Build.0 = Debug|Any CPU
		{6AA4E392-AAAF-4408-B550-85863DF3BAAF}.Release|Any CPU.ActiveCfg = Release|Any CPU
		{6AA4E392-AAAF-4408-B550-85863DF3BAAF}.Release|Any CPU.Build.0 = Release|Any CPU
		{6AA4E392-AAAF-4408-B550-85863DF3BAAF}.Release|x86.ActiveCfg = Release|Any CPU
		{6AA4E392-AAAF-4408-B550-85863DF3BAAF}.Release|x86.Build.0 = Release|Any CPU
		{8B73C3EC-D0C4-4E0D-843A-67C81283EC5F}.Debug|Any CPU.ActiveCfg = Debug|Any CPU
		{8B73C3EC-D0C4-4E0D-843A-67C81283EC5F}.Debug|Any CPU.Build.0 = Debug|Any CPU
		{8B73C3EC-D0C4-4E0D-843A-67C81283EC5F}.Debug|x86.ActiveCfg = Debug|Any CPU
		{8B73C3EC-D0C4-4E0D-843A-67C81283EC5F}.Debug|x86.Build.0 = Debug|Any CPU
		{8B73C3EC-D0C4-4E0D-843A-67C81283EC5F}.Release|Any CPU.ActiveCfg = Release|Any CPU
		{8B73C3EC-D0C4-4E0D-843A-67C81283EC5F}.Release|Any CPU.Build.0 = Release|Any CPU
		{8B73C3EC-D0C4-4E0D-843A-67C81283EC5F}.Release|x86.ActiveCfg = Release|Any CPU
		{8B73C3EC-D0C4-4E0D-843A-67C81283EC5F}.Release|x86.Build.0 = Release|Any CPU
		{79D3788D-683D-4799-94B7-00360F08145B}.Debug|Any CPU.ActiveCfg = Debug|Any CPU
		{79D3788D-683D-4799-94B7-00360F08145B}.Debug|Any CPU.Build.0 = Debug|Any CPU
		{79D3788D-683D-4799-94B7-00360F08145B}.Debug|x86.ActiveCfg = Debug|Any CPU
		{79D3788D-683D-4799-94B7-00360F08145B}.Debug|x86.Build.0 = Debug|Any CPU
		{79D3788D-683D-4799-94B7-00360F08145B}.Release|Any CPU.ActiveCfg = Release|Any CPU
		{79D3788D-683D-4799-94B7-00360F08145B}.Release|Any CPU.Build.0 = Release|Any CPU
		{79D3788D-683D-4799-94B7-00360F08145B}.Release|x86.ActiveCfg = Release|Any CPU
		{79D3788D-683D-4799-94B7-00360F08145B}.Release|x86.Build.0 = Release|Any CPU
		{378FC1AA-37BD-4C61-B5DE-4E45C2CDB8C9}.Debug|Any CPU.ActiveCfg = Debug|Any CPU
		{378FC1AA-37BD-4C61-B5DE-4E45C2CDB8C9}.Debug|Any CPU.Build.0 = Debug|Any CPU
		{378FC1AA-37BD-4C61-B5DE-4E45C2CDB8C9}.Debug|x86.ActiveCfg = Debug|Any CPU
		{378FC1AA-37BD-4C61-B5DE-4E45C2CDB8C9}.Debug|x86.Build.0 = Debug|Any CPU
		{378FC1AA-37BD-4C61-B5DE-4E45C2CDB8C9}.Release|Any CPU.ActiveCfg = Release|Any CPU
		{378FC1AA-37BD-4C61-B5DE-4E45C2CDB8C9}.Release|Any CPU.Build.0 = Release|Any CPU
		{378FC1AA-37BD-4C61-B5DE-4E45C2CDB8C9}.Release|x86.ActiveCfg = Release|Any CPU
		{378FC1AA-37BD-4C61-B5DE-4E45C2CDB8C9}.Release|x86.Build.0 = Release|Any CPU
		{5D01A326-0357-4C3F-A196-3B8B866C9613}.Debug|Any CPU.ActiveCfg = Debug|Any CPU
		{5D01A326-0357-4C3F-A196-3B8B866C9613}.Debug|Any CPU.Build.0 = Debug|Any CPU
		{5D01A326-0357-4C3F-A196-3B8B866C9613}.Debug|x86.ActiveCfg = Debug|Any CPU
		{5D01A326-0357-4C3F-A196-3B8B866C9613}.Debug|x86.Build.0 = Debug|Any CPU
		{5D01A326-0357-4C3F-A196-3B8B866C9613}.Release|Any CPU.ActiveCfg = Release|Any CPU
		{5D01A326-0357-4C3F-A196-3B8B866C9613}.Release|Any CPU.Build.0 = Release|Any CPU
		{5D01A326-0357-4C3F-A196-3B8B866C9613}.Release|x86.ActiveCfg = Release|Any CPU
		{5D01A326-0357-4C3F-A196-3B8B866C9613}.Release|x86.Build.0 = Release|Any CPU
		{EFFE3048-E904-48FD-B8C0-290E8E9290FB}.Debug|Any CPU.ActiveCfg = Debug|Any CPU
		{EFFE3048-E904-48FD-B8C0-290E8E9290FB}.Debug|Any CPU.Build.0 = Debug|Any CPU
		{EFFE3048-E904-48FD-B8C0-290E8E9290FB}.Debug|x86.ActiveCfg = Debug|Any CPU
		{EFFE3048-E904-48FD-B8C0-290E8E9290FB}.Debug|x86.Build.0 = Debug|Any CPU
		{EFFE3048-E904-48FD-B8C0-290E8E9290FB}.Release|Any CPU.ActiveCfg = Release|Any CPU
		{EFFE3048-E904-48FD-B8C0-290E8E9290FB}.Release|Any CPU.Build.0 = Release|Any CPU
		{EFFE3048-E904-48FD-B8C0-290E8E9290FB}.Release|x86.ActiveCfg = Release|Any CPU
		{EFFE3048-E904-48FD-B8C0-290E8E9290FB}.Release|x86.Build.0 = Release|Any CPU
		{AB6CDF36-F336-4F14-8D69-3C190B7DEC65}.Debug|Any CPU.ActiveCfg = Debug|Any CPU
		{AB6CDF36-F336-4F14-8D69-3C190B7DEC65}.Debug|Any CPU.Build.0 = Debug|Any CPU
		{AB6CDF36-F336-4F14-8D69-3C190B7DEC65}.Debug|x86.ActiveCfg = Debug|Any CPU
		{AB6CDF36-F336-4F14-8D69-3C190B7DEC65}.Debug|x86.Build.0 = Debug|Any CPU
		{AB6CDF36-F336-4F14-8D69-3C190B7DEC65}.Release|Any CPU.ActiveCfg = Release|Any CPU
		{AB6CDF36-F336-4F14-8D69-3C190B7DEC65}.Release|Any CPU.Build.0 = Release|Any CPU
		{AB6CDF36-F336-4F14-8D69-3C190B7DEC65}.Release|x86.ActiveCfg = Release|Any CPU
		{AB6CDF36-F336-4F14-8D69-3C190B7DEC65}.Release|x86.Build.0 = Release|Any CPU
		{8F334FFF-C9EF-4965-B391-3398DCBF3F1B}.Debug|Any CPU.ActiveCfg = Debug|Any CPU
		{8F334FFF-C9EF-4965-B391-3398DCBF3F1B}.Debug|Any CPU.Build.0 = Debug|Any CPU
		{8F334FFF-C9EF-4965-B391-3398DCBF3F1B}.Debug|x86.ActiveCfg = Debug|Any CPU
		{8F334FFF-C9EF-4965-B391-3398DCBF3F1B}.Debug|x86.Build.0 = Debug|Any CPU
		{8F334FFF-C9EF-4965-B391-3398DCBF3F1B}.Release|Any CPU.ActiveCfg = Release|Any CPU
		{8F334FFF-C9EF-4965-B391-3398DCBF3F1B}.Release|Any CPU.Build.0 = Release|Any CPU
		{8F334FFF-C9EF-4965-B391-3398DCBF3F1B}.Release|x86.ActiveCfg = Release|Any CPU
		{8F334FFF-C9EF-4965-B391-3398DCBF3F1B}.Release|x86.Build.0 = Release|Any CPU
		{789C9CE7-895C-43CB-9769-8DCDAAE14DC0}.Debug|Any CPU.ActiveCfg = Debug|Any CPU
		{789C9CE7-895C-43CB-9769-8DCDAAE14DC0}.Debug|Any CPU.Build.0 = Debug|Any CPU
		{789C9CE7-895C-43CB-9769-8DCDAAE14DC0}.Debug|x86.ActiveCfg = Debug|Any CPU
		{789C9CE7-895C-43CB-9769-8DCDAAE14DC0}.Debug|x86.Build.0 = Debug|Any CPU
		{789C9CE7-895C-43CB-9769-8DCDAAE14DC0}.Release|Any CPU.ActiveCfg = Release|Any CPU
		{789C9CE7-895C-43CB-9769-8DCDAAE14DC0}.Release|Any CPU.Build.0 = Release|Any CPU
		{789C9CE7-895C-43CB-9769-8DCDAAE14DC0}.Release|x86.ActiveCfg = Release|Any CPU
		{789C9CE7-895C-43CB-9769-8DCDAAE14DC0}.Release|x86.Build.0 = Release|Any CPU
		{2DE779EA-BB12-458A-AC4D-3564BE2B3622}.Debug|Any CPU.ActiveCfg = Debug|Any CPU
		{2DE779EA-BB12-458A-AC4D-3564BE2B3622}.Debug|Any CPU.Build.0 = Debug|Any CPU
		{2DE779EA-BB12-458A-AC4D-3564BE2B3622}.Debug|x86.ActiveCfg = Debug|Any CPU
		{2DE779EA-BB12-458A-AC4D-3564BE2B3622}.Debug|x86.Build.0 = Debug|Any CPU
		{2DE779EA-BB12-458A-AC4D-3564BE2B3622}.Release|Any CPU.ActiveCfg = Release|Any CPU
		{2DE779EA-BB12-458A-AC4D-3564BE2B3622}.Release|Any CPU.Build.0 = Release|Any CPU
		{2DE779EA-BB12-458A-AC4D-3564BE2B3622}.Release|x86.ActiveCfg = Release|Any CPU
		{2DE779EA-BB12-458A-AC4D-3564BE2B3622}.Release|x86.Build.0 = Release|Any CPU
		{F154F695-8A73-4C44-A875-D1ED03401B14}.Debug|Any CPU.ActiveCfg = Debug|Any CPU
		{F154F695-8A73-4C44-A875-D1ED03401B14}.Debug|Any CPU.Build.0 = Debug|Any CPU
		{F154F695-8A73-4C44-A875-D1ED03401B14}.Debug|x86.ActiveCfg = Debug|Any CPU
		{F154F695-8A73-4C44-A875-D1ED03401B14}.Debug|x86.Build.0 = Debug|Any CPU
		{F154F695-8A73-4C44-A875-D1ED03401B14}.Release|Any CPU.ActiveCfg = Release|Any CPU
		{F154F695-8A73-4C44-A875-D1ED03401B14}.Release|Any CPU.Build.0 = Release|Any CPU
		{F154F695-8A73-4C44-A875-D1ED03401B14}.Release|x86.ActiveCfg = Release|Any CPU
		{F154F695-8A73-4C44-A875-D1ED03401B14}.Release|x86.Build.0 = Release|Any CPU
		{C5AA841A-71FE-4C70-A196-4E30D7B12C1C}.Debug|Any CPU.ActiveCfg = Debug|Any CPU
		{C5AA841A-71FE-4C70-A196-4E30D7B12C1C}.Debug|Any CPU.Build.0 = Debug|Any CPU
		{C5AA841A-71FE-4C70-A196-4E30D7B12C1C}.Debug|x86.ActiveCfg = Debug|Any CPU
		{C5AA841A-71FE-4C70-A196-4E30D7B12C1C}.Debug|x86.Build.0 = Debug|Any CPU
		{C5AA841A-71FE-4C70-A196-4E30D7B12C1C}.Release|Any CPU.ActiveCfg = Release|Any CPU
		{C5AA841A-71FE-4C70-A196-4E30D7B12C1C}.Release|Any CPU.Build.0 = Release|Any CPU
		{C5AA841A-71FE-4C70-A196-4E30D7B12C1C}.Release|x86.ActiveCfg = Release|Any CPU
		{C5AA841A-71FE-4C70-A196-4E30D7B12C1C}.Release|x86.Build.0 = Release|Any CPU
		{549F9108-D2E5-4642-9A8F-A996C92F44BA}.Debug|Any CPU.ActiveCfg = Debug|Any CPU
		{549F9108-D2E5-4642-9A8F-A996C92F44BA}.Debug|Any CPU.Build.0 = Debug|Any CPU
		{549F9108-D2E5-4642-9A8F-A996C92F44BA}.Debug|x86.ActiveCfg = Debug|Any CPU
		{549F9108-D2E5-4642-9A8F-A996C92F44BA}.Debug|x86.Build.0 = Debug|Any CPU
		{549F9108-D2E5-4642-9A8F-A996C92F44BA}.Release|Any CPU.ActiveCfg = Release|Any CPU
		{549F9108-D2E5-4642-9A8F-A996C92F44BA}.Release|Any CPU.Build.0 = Release|Any CPU
		{549F9108-D2E5-4642-9A8F-A996C92F44BA}.Release|x86.ActiveCfg = Release|Any CPU
		{549F9108-D2E5-4642-9A8F-A996C92F44BA}.Release|x86.Build.0 = Release|Any CPU
		{867777C7-3B04-460B-9F1F-90FCF8BF9D8A}.Debug|Any CPU.ActiveCfg = Debug|Any CPU
		{867777C7-3B04-460B-9F1F-90FCF8BF9D8A}.Debug|Any CPU.Build.0 = Debug|Any CPU
		{867777C7-3B04-460B-9F1F-90FCF8BF9D8A}.Debug|x86.ActiveCfg = Debug|Any CPU
		{867777C7-3B04-460B-9F1F-90FCF8BF9D8A}.Debug|x86.Build.0 = Debug|Any CPU
		{867777C7-3B04-460B-9F1F-90FCF8BF9D8A}.Release|Any CPU.ActiveCfg = Release|Any CPU
		{867777C7-3B04-460B-9F1F-90FCF8BF9D8A}.Release|Any CPU.Build.0 = Release|Any CPU
		{867777C7-3B04-460B-9F1F-90FCF8BF9D8A}.Release|x86.ActiveCfg = Release|Any CPU
		{867777C7-3B04-460B-9F1F-90FCF8BF9D8A}.Release|x86.Build.0 = Release|Any CPU
		{E7E21B2C-CB32-4E3E-8CD2-3476F5F34FE2}.Debug|Any CPU.ActiveCfg = Debug|Any CPU
		{E7E21B2C-CB32-4E3E-8CD2-3476F5F34FE2}.Debug|Any CPU.Build.0 = Debug|Any CPU
		{E7E21B2C-CB32-4E3E-8CD2-3476F5F34FE2}.Debug|x86.ActiveCfg = Debug|Any CPU
		{E7E21B2C-CB32-4E3E-8CD2-3476F5F34FE2}.Debug|x86.Build.0 = Debug|Any CPU
		{E7E21B2C-CB32-4E3E-8CD2-3476F5F34FE2}.Release|Any CPU.ActiveCfg = Release|Any CPU
		{E7E21B2C-CB32-4E3E-8CD2-3476F5F34FE2}.Release|Any CPU.Build.0 = Release|Any CPU
		{E7E21B2C-CB32-4E3E-8CD2-3476F5F34FE2}.Release|x86.ActiveCfg = Release|Any CPU
		{E7E21B2C-CB32-4E3E-8CD2-3476F5F34FE2}.Release|x86.Build.0 = Release|Any CPU
		{E437EAE6-F6EB-45C5-A695-62A099638017}.Debug|Any CPU.ActiveCfg = Debug|Any CPU
		{E437EAE6-F6EB-45C5-A695-62A099638017}.Debug|Any CPU.Build.0 = Debug|Any CPU
		{E437EAE6-F6EB-45C5-A695-62A099638017}.Debug|x86.ActiveCfg = Debug|Any CPU
		{E437EAE6-F6EB-45C5-A695-62A099638017}.Debug|x86.Build.0 = Debug|Any CPU
		{E437EAE6-F6EB-45C5-A695-62A099638017}.Release|Any CPU.ActiveCfg = Release|Any CPU
		{E437EAE6-F6EB-45C5-A695-62A099638017}.Release|Any CPU.Build.0 = Release|Any CPU
		{E437EAE6-F6EB-45C5-A695-62A099638017}.Release|x86.ActiveCfg = Release|Any CPU
		{E437EAE6-F6EB-45C5-A695-62A099638017}.Release|x86.Build.0 = Release|Any CPU
		{B696A95A-DFDE-4689-A022-4BD98172F131}.Debug|Any CPU.ActiveCfg = Debug|Any CPU
		{B696A95A-DFDE-4689-A022-4BD98172F131}.Debug|Any CPU.Build.0 = Debug|Any CPU
		{B696A95A-DFDE-4689-A022-4BD98172F131}.Debug|x86.ActiveCfg = Debug|Any CPU
		{B696A95A-DFDE-4689-A022-4BD98172F131}.Debug|x86.Build.0 = Debug|Any CPU
		{B696A95A-DFDE-4689-A022-4BD98172F131}.Release|Any CPU.ActiveCfg = Release|Any CPU
		{B696A95A-DFDE-4689-A022-4BD98172F131}.Release|Any CPU.Build.0 = Release|Any CPU
		{B696A95A-DFDE-4689-A022-4BD98172F131}.Release|x86.ActiveCfg = Release|Any CPU
		{B696A95A-DFDE-4689-A022-4BD98172F131}.Release|x86.Build.0 = Release|Any CPU
		{BB70F284-6214-4E87-8693-BCAFC78377C3}.Debug|Any CPU.ActiveCfg = Debug|Any CPU
		{BB70F284-6214-4E87-8693-BCAFC78377C3}.Debug|Any CPU.Build.0 = Debug|Any CPU
		{BB70F284-6214-4E87-8693-BCAFC78377C3}.Debug|x86.ActiveCfg = Debug|Any CPU
		{BB70F284-6214-4E87-8693-BCAFC78377C3}.Debug|x86.Build.0 = Debug|Any CPU
		{BB70F284-6214-4E87-8693-BCAFC78377C3}.Release|Any CPU.ActiveCfg = Release|Any CPU
		{BB70F284-6214-4E87-8693-BCAFC78377C3}.Release|Any CPU.Build.0 = Release|Any CPU
		{BB70F284-6214-4E87-8693-BCAFC78377C3}.Release|x86.ActiveCfg = Release|Any CPU
		{BB70F284-6214-4E87-8693-BCAFC78377C3}.Release|x86.Build.0 = Release|Any CPU
		{F98407D6-11BF-4F92-89B6-D53A26F5DF8A}.Debug|Any CPU.ActiveCfg = Debug|Any CPU
		{F98407D6-11BF-4F92-89B6-D53A26F5DF8A}.Debug|Any CPU.Build.0 = Debug|Any CPU
		{F98407D6-11BF-4F92-89B6-D53A26F5DF8A}.Debug|x86.ActiveCfg = Debug|Any CPU
		{F98407D6-11BF-4F92-89B6-D53A26F5DF8A}.Debug|x86.Build.0 = Debug|Any CPU
		{F98407D6-11BF-4F92-89B6-D53A26F5DF8A}.Release|Any CPU.ActiveCfg = Release|Any CPU
		{F98407D6-11BF-4F92-89B6-D53A26F5DF8A}.Release|Any CPU.Build.0 = Release|Any CPU
		{F98407D6-11BF-4F92-89B6-D53A26F5DF8A}.Release|x86.ActiveCfg = Release|Any CPU
		{F98407D6-11BF-4F92-89B6-D53A26F5DF8A}.Release|x86.Build.0 = Release|Any CPU
	EndGlobalSection
	GlobalSection(SolutionProperties) = preSolution
		HideSolutionNode = FALSE
	EndGlobalSection
	GlobalSection(NestedProjects) = preSolution
		{424B81BE-2FAC-419F-B4BC-00CCBE38491F} = {0DE8DA5D-061D-4649-8A56-48729CF1F789}
		{BEE88186-769A-452C-9DD9-D0E0815D92BF} = {0DE8DA5D-061D-4649-8A56-48729CF1F789}
		{DAFE686A-461B-402B-BBD7-2A2F4C87C773} = {0DE8DA5D-061D-4649-8A56-48729CF1F789}
		{37E20BAF-3577-4CD9-BB39-18675854E255} = {0DE8DA5D-061D-4649-8A56-48729CF1F789}
		{6AA4E392-AAAF-4408-B550-85863DD4BAAF} = {0DE8DA5D-061D-4649-8A56-48729CF1F789}
		{D640C36B-2C66-449B-A145-EB98322A67C8} = {0DE8DA5D-061D-4649-8A56-48729CF1F789}
		{619B7612-DFEA-442A-A927-D997F99C497B} = {0DE8DA5D-061D-4649-8A56-48729CF1F789}
		{9042B543-13D1-42B3-A5B6-5CC9AD55E150} = {0DE8DA5D-061D-4649-8A56-48729CF1F789}
		{8DE42DA3-BE99-4E7E-A3D2-3F65E7C1ABCE} = {0DE8DA5D-061D-4649-8A56-48729CF1F789}
		{9D1D39D8-2387-46ED-A4A8-59D250C97F35} = {0DE8DA5D-061D-4649-8A56-48729CF1F789}
		{0E423DD6-FAAF-4A66-8828-6A5A5F22269B} = {0DE8DA5D-061D-4649-8A56-48729CF1F789}
		{6AA4E392-AAAF-4408-B550-85863DF3BAAF} = {0DE8DA5D-061D-4649-8A56-48729CF1F789}
		{8B73C3EC-D0C4-4E0D-843A-67C81283EC5F} = {0DE8DA5D-061D-4649-8A56-48729CF1F789}
		{79D3788D-683D-4799-94B7-00360F08145B} = {0DE8DA5D-061D-4649-8A56-48729CF1F789}
		{378FC1AA-37BD-4C61-B5DE-4E45C2CDB8C9} = {0DE8DA5D-061D-4649-8A56-48729CF1F789}
		{5D01A326-0357-4C3F-A196-3B8B866C9613} = {0DE8DA5D-061D-4649-8A56-48729CF1F789}
		{EFFE3048-E904-48FD-B8C0-290E8E9290FB} = {0DE8DA5D-061D-4649-8A56-48729CF1F789}
		{AB6CDF36-F336-4F14-8D69-3C190B7DEC65} = {0DE8DA5D-061D-4649-8A56-48729CF1F789}
		{8F334FFF-C9EF-4965-B391-3398DCBF3F1B} = {0DE8DA5D-061D-4649-8A56-48729CF1F789}
		{789C9CE7-895C-43CB-9769-8DCDAAE14DC0} = {0DE8DA5D-061D-4649-8A56-48729CF1F789}
		{2DE779EA-BB12-458A-AC4D-3564BE2B3622} = {0DE8DA5D-061D-4649-8A56-48729CF1F789}
		{F154F695-8A73-4C44-A875-D1ED03401B14} = {0DE8DA5D-061D-4649-8A56-48729CF1F789}
		{C5AA841A-71FE-4C70-A196-4E30D7B12C1C} = {0DE8DA5D-061D-4649-8A56-48729CF1F789}
		{549F9108-D2E5-4642-9A8F-A996C92F44BA} = {0DE8DA5D-061D-4649-8A56-48729CF1F789}
		{867777C7-3B04-460B-9F1F-90FCF8BF9D8A} = {0DE8DA5D-061D-4649-8A56-48729CF1F789}
		{E7E21B2C-CB32-4E3E-8CD2-3476F5F34FE2} = {0DE8DA5D-061D-4649-8A56-48729CF1F789}
		{E437EAE6-F6EB-45C5-A695-62A099638017} = {0DE8DA5D-061D-4649-8A56-48729CF1F789}
		{B696A95A-DFDE-4689-A022-4BD98172F131} = {0DE8DA5D-061D-4649-8A56-48729CF1F789}
		{BB70F284-6214-4E87-8693-BCAFC78377C3} = {0DE8DA5D-061D-4649-8A56-48729CF1F789}
		{F98407D6-11BF-4F92-89B6-D53A26F5DF8A} = {0DE8DA5D-061D-4649-8A56-48729CF1F789}
	EndGlobalSection
	GlobalSection(ExtensibilityGlobals) = postSolution
		SolutionGuid = {1C926148-C492-48B3-8F82-7EBB235A9866}
	EndGlobalSection
EndGlobal
